
Microsoft Visual Studio Solution File, Format Version 12.00
# Visual Studio Version 17
VisualStudioVersion = 17.13.35825.156 d17.13
MinimumVisualStudioVersion = 10.0.40219.1
Project("{FAE04EC0-301F-11D3-BF4B-00C04F79EFBC}") = "BlazorRealTimeApp.WebUI.Server", "BlazorRealTimeApp.WebUI.Server\BlazorRealTimeApp.WebUI.Server.csproj", "{C18FBBF6-9A0A-4AF8-864A-F289FD101782}"
EndProject
Project("{FAE04EC0-301F-11D3-BF4B-00C04F79EFBC}") = "BlazorRealTimeApp.Infrastructure", "BlazorRealTimeApp.Infrastructure\BlazorRealTimeApp.Infrastructure.csproj", "{D0AB2DCB-9A0F-41DC-82AD-7A3DDD1417CF}"
EndProject
Project("{FAE04EC0-301F-11D3-BF4B-00C04F79EFBC}") = "BlazorRealTimeApp.Application", "BlazorRealTimeApp.Application\BlazorRealTimeApp.Application.csproj", "{987FFEFE-F745-41A1-AB98-214B41E75D03}"
EndProject
Project("{FAE04EC0-301F-11D3-BF4B-00C04F79EFBC}") = "BlazorRealTimeApp.Domain", "BlazorRealTimeApp.Domain\BlazorRealTimeApp.Domain.csproj", "{D51E4033-C988-43E0-9D64-289CBAE963C9}"
EndProject
Global
	GlobalSection(SolutionConfigurationPlatforms) = preSolution
		Debug|Any CPU = Debug|Any CPU
		Release|Any CPU = Release|Any CPU
	EndGlobalSection
	GlobalSection(ProjectConfigurationPlatforms) = postSolution
		{C18FBBF6-9A0A-4AF8-864A-F289FD101782}.Debug|Any CPU.ActiveCfg = Debug|Any CPU
		{C18FBBF6-9A0A-4AF8-864A-F289FD101782}.Debug|Any CPU.Build.0 = Debug|Any CPU
		{C18FBBF6-9A0A-4AF8-864A-F289FD101782}.Release|Any CPU.ActiveCfg = Release|Any CPU
		{C18FBBF6-9A0A-4AF8-864A-F289FD101782}.Release|Any CPU.Build.0 = Release|Any CPU
		{D0AB2DCB-9A0F-41DC-82AD-7A3DDD1417CF}.Debug|Any CPU.ActiveCfg = Debug|Any CPU
		{D0AB2DCB-9A0F-41DC-82AD-7A3DDD1417CF}.Debug|Any CPU.Build.0 = Debug|Any CPU
		{D0AB2DCB-9A0F-41DC-82AD-7A3DDD1417CF}.Release|Any CPU.ActiveCfg = Release|Any CPU
		{D0AB2DCB-9A0F-41DC-82AD-7A3DDD1417CF}.Release|Any CPU.Build.0 = Release|Any CPU
		{987FFEFE-F745-41A1-AB98-214B41E75D03}.Debug|Any CPU.ActiveCfg = Debug|Any CPU
		{987FFEFE-F745-41A1-AB98-214B41E75D03}.Debug|Any CPU.Build.0 = Debug|Any CPU
		{987FFEFE-F745-41A1-AB98-214B41E75D03}.Release|Any CPU.ActiveCfg = Release|Any CPU
		{987FFEFE-F745-41A1-AB98-214B41E75D03}.Release|Any CPU.Build.0 = Release|Any CPU
		{D51E4033-C988-43E0-9D64-289CBAE963C9}.Debug|Any CPU.ActiveCfg = Debug|Any CPU
		{D51E4033-C988-43E0-9D64-289CBAE963C9}.Debug|Any CPU.Build.0 = Debug|Any CPU
		{D51E4033-C988-43E0-9D64-289CBAE963C9}.Release|Any CPU.ActiveCfg = Release|Any CPU
		{D51E4033-C988-43E0-9D64-289CBAE963C9}.Release|Any CPU.Build.0 = Release|Any CPU
	EndGlobalSection
	GlobalSection(SolutionProperties) = preSolution
		HideSolutionNode = FALSE
	EndGlobalSection
	GlobalSection(ExtensibilityGlobals) = postSolution
		SolutionGuid = {0AD071FA-6983-419E-9F95-49D0374D062F}
	EndGlobalSection
EndGlobal
